
Microsoft Visual Studio Solution File, Format Version 12.00
# Visual Studio Version 16
VisualStudioVersion = 16.0.31321.278
MinimumVisualStudioVersion = 10.0.40219.1
Project("{9A19103F-16F7-4668-BE54-9A1E7A4F7556}") = "DataStatsMVC", "DataStatsMVC\DataStatsMVC.csproj", "{C9F29EEF-A3E0-4EA3-AECB-5252D3FE2E69}"
EndProject
Global
	GlobalSection(SolutionConfigurationPlatforms) = preSolution
		Debug|Any CPU = Debug|Any CPU
		Release|Any CPU = Release|Any CPU
	EndGlobalSection
	GlobalSection(ProjectConfigurationPlatforms) = postSolution
		{C9F29EEF-A3E0-4EA3-AECB-5252D3FE2E69}.Debug|Any CPU.ActiveCfg = Debug|Any CPU
		{C9F29EEF-A3E0-4EA3-AECB-5252D3FE2E69}.Debug|Any CPU.Build.0 = Debug|Any CPU
		{C9F29EEF-A3E0-4EA3-AECB-5252D3FE2E69}.Release|Any CPU.ActiveCfg = Release|Any CPU
		{C9F29EEF-A3E0-4EA3-AECB-5252D3FE2E69}.Release|Any CPU.Build.0 = Release|Any CPU
	EndGlobalSection
	GlobalSection(SolutionProperties) = preSolution
		HideSolutionNode = FALSE
	EndGlobalSection
	GlobalSection(ExtensibilityGlobals) = postSolution
		SolutionGuid = {8F812AAF-2B30-4543-8D95-9F8A04CD0280}
	EndGlobalSection
EndGlobal
